// !$*UTF8*$!
{
	archiveVersion = 1;
	classes = {
	};
	objectVersion = 50;
	objects = {

/* Begin PBXBuildFile section */
		336DF2B7213B003600D3605C /* AppDelegate.swift in Sources */ = {isa = PBXBuildFile; fileRef = 336DF2B6213B003600D3605C /* AppDelegate.swift */; };
		336DF2B9213B003600D3605C /* ViewController.swift in Sources */ = {isa = PBXBuildFile; fileRef = 336DF2B8213B003600D3605C /* ViewController.swift */; };
		336DF2BC213B003600D3605C /* Main.storyboard in Resources */ = {isa = PBXBuildFile; fileRef = 336DF2BA213B003600D3605C /* Main.storyboard */; };
		336DF2BE213B003700D3605C /* Assets.xcassets in Resources */ = {isa = PBXBuildFile; fileRef = 336DF2BD213B003700D3605C /* Assets.xcassets */; };
		336DF2C1213B003700D3605C /* LaunchScreen.storyboard in Resources */ = {isa = PBXBuildFile; fileRef = 336DF2BF213B003700D3605C /* LaunchScreen.storyboard */; };
		336DF2C9213B00EF00D3605C /* modem.swift in Sources */ = {isa = PBXBuildFile; fileRef = 336DF2C8213B00EF00D3605C /* modem.swift */; };
/* End PBXBuildFile section */

/* Begin PBXFileReference section */
		336DF2B3213B003600D3605C /* Iotines.app */ = {isa = PBXFileReference; explicitFileType = wrapper.application; includeInIndex = 0; path = Iotines.app; sourceTree = BUILT_PRODUCTS_DIR; };
		336DF2B6213B003600D3605C /* AppDelegate.swift */ = {isa = PBXFileReference; lastKnownFileType = sourcecode.swift; path = AppDelegate.swift; sourceTree = "<group>"; };
		336DF2B8213B003600D3605C /* ViewController.swift */ = {isa = PBXFileReference; lastKnownFileType = sourcecode.swift; path = ViewController.swift; sourceTree = "<group>"; };
		336DF2BB213B003600D3605C /* Base */ = {isa = PBXFileReference; lastKnownFileType = file.storyboard; name = Base; path = Base.lproj/Main.storyboard; sourceTree = "<group>"; };
		336DF2BD213B003700D3605C /* Assets.xcassets */ = {isa = PBXFileReference; lastKnownFileType = folder.assetcatalog; path = Assets.xcassets; sourceTree = "<group>"; };
		336DF2C0213B003700D3605C /* Base */ = {isa = PBXFileReference; lastKnownFileType = file.storyboard; name = Base; path = Base.lproj/LaunchScreen.storyboard; sourceTree = "<group>"; };
		336DF2C2213B003700D3605C /* Info.plist */ = {isa = PBXFileReference; lastKnownFileType = text.plist.xml; path = Info.plist; sourceTree = "<group>"; };
		336DF2C8213B00EF00D3605C /* modem.swift */ = {isa = PBXFileReference; lastKnownFileType = sourcecode.swift; path = modem.swift; sourceTree = "<group>"; };
/* End PBXFileReference section */

/* Begin PBXFrameworksBuildPhase section */
		336DF2B0213B003600D3605C /* Frameworks */ = {
			isa = PBXFrameworksBuildPhase;
			buildActionMask = 2147483647;
			files = (
			);
			runOnlyForDeploymentPostprocessing = 0;
		};
/* End PBXFrameworksBuildPhase section */

/* Begin PBXGroup section */
		336DF2AA213B003600D3605C = {
			isa = PBXGroup;
			children = (
				336DF2B5213B003600D3605C /* Iotines */,
				336DF2B4213B003600D3605C /* Products */,
			);
			sourceTree = "<group>";
		};
		336DF2B4213B003600D3605C /* Products */ = {
			isa = PBXGroup;
			children = (
				336DF2B3213B003600D3605C /* Iotines.app */,
			);
			name = Products;
			sourceTree = "<group>";
		};
		336DF2B5213B003600D3605C /* Iotines */ = {
			isa = PBXGroup;
			children = (
				336DF2B6213B003600D3605C /* AppDelegate.swift */,
				336DF2B8213B003600D3605C /* ViewController.swift */,
				336DF2BA213B003600D3605C /* Main.storyboard */,
				336DF2C8213B00EF00D3605C /* modem.swift */,
				336DF2BD213B003700D3605C /* Assets.xcassets */,
				336DF2BF213B003700D3605C /* LaunchScreen.storyboard */,
				336DF2C2213B003700D3605C /* Info.plist */,
			);
			path = Iotines;
			sourceTree = "<group>";
		};
/* End PBXGroup section */

/* Begin PBXNativeTarget section */
		336DF2B2213B003600D3605C /* Iotines */ = {
			isa = PBXNativeTarget;
			buildConfigurationList = 336DF2C5213B003700D3605C /* Build configuration list for PBXNativeTarget "Iotines" */;
			buildPhases = (
				336DF2AF213B003600D3605C /* Sources */,
				336DF2B0213B003600D3605C /* Frameworks */,
				336DF2B1213B003600D3605C /* Resources */,
			);
			buildRules = (
			);
			dependencies = (
			);
			name = Iotines;
			productName = Iotines;
			productReference = 336DF2B3213B003600D3605C /* Iotines.app */;
			productType = "com.apple.product-type.application";
		};
/* End PBXNativeTarget section */

/* Begin PBXProject section */
		336DF2AB213B003600D3605C /* Project object */ = {
			isa = PBXProject;
			attributes = {
				LastSwiftUpdateCheck = 0940;
				LastUpgradeCheck = 0940;
				ORGANIZATIONNAME = "LUIS ARENAS HERNANDEZ";
				TargetAttributes = {
					336DF2B2213B003600D3605C = {
						CreatedOnToolsVersion = 9.4.1;
					};
				};
			};
			buildConfigurationList = 336DF2AE213B003600D3605C /* Build configuration list for PBXProject "Iotines" */;
			compatibilityVersion = "Xcode 9.3";
			developmentRegion = en;
			hasScannedForEncodings = 0;
			knownRegions = (
				en,
				Base,
			);
			mainGroup = 336DF2AA213B003600D3605C;
			productRefGroup = 336DF2B4213B003600D3605C /* Products */;
			projectDirPath = "";
			projectRoot = "";
			targets = (
				336DF2B2213B003600D3605C /* Iotines */,
			);
		};
/* End PBXProject section */

/* Begin PBXResourcesBuildPhase section */
		336DF2B1213B003600D3605C /* Resources */ = {
			isa = PBXResourcesBuildPhase;
			buildActionMask = 2147483647;
			files = (
				336DF2C1213B003700D3605C /* LaunchScreen.storyboard in Resources */,
				336DF2BE213B003700D3605C /* Assets.xcassets in Resources */,
				336DF2BC213B003600D3605C /* Main.storyboard in Resources */,
			);
			runOnlyForDeploymentPostprocessing = 0;
		};
/* End PBXResourcesBuildPhase section */

/* Begin PBXSourcesBuildPhase section */
		336DF2AF213B003600D3605C /* Sources */ = {
			isa = PBXSourcesBuildPhase;
			buildActionMask = 2147483647;
			files = (
				336DF2B9213B003600D3605C /* ViewController.swift in Sources */,
				336DF2C9213B00EF00D3605C /* modem.swift in Sources */,
				336DF2B7213B003600D3605C /* AppDelegate.swift in Sources */,
			);
			runOnlyForDeploymentPostprocessing = 0;
		};
/* End PBXSourcesBuildPhase section */

/* Begin PBXVariantGroup section */
		336DF2BA213B003600D3605C /* Main.storyboard */ = {
			isa = PBXVariantGroup;
			children = (
				336DF2BB213B003600D3605C /* Base */,
			);
			name = Main.storyboard;
			sourceTree = "<group>";
		};
		336DF2BF213B003700D3605C /* LaunchScreen.storyboard */ = {
			isa = PBXVariantGroup;
			children = (
				336DF2C0213B003700D3605C /* Base */,
			);
			name = LaunchScreen.storyboard;
			sourceTree = "<group>";
		};
/* End PBXVariantGroup section */

/* Begin XCBuildConfiguration section */
		336DF2C3213B003700D3605C /* Debug */ = {
			isa = XCBuildConfiguration;
			buildSettings = {
				ALWAYS_SEARCH_USER_PATHS = NO;
				CLANG_ANALYZER_NONNULL = YES;
				CLANG_ANALYZER_NUMBER_OBJECT_CONVERSION = YES_AGGRESSIVE;
				CLANG_CXX_LANGUAGE_STANDARD = "gnu++14";
				CLANG_CXX_LIBRARY = "libc++";
				CLANG_ENABLE_MODULES = YES;
				CLANG_ENABLE_OBJC_ARC = YES;
				CLANG_ENABLE_OBJC_WEAK = YES;
				CLANG_WARN_BLOCK_CAPTURE_AUTORELEASING = YES;
				CLANG_WARN_BOOL_CONVERSION = YES;
				CLANG_WARN_COMMA = YES;
				CLANG_WARN_CONSTANT_CONVERSION = YES;
				CLANG_WARN_DEPRECATED_OBJC_IMPLEMENTATIONS = YES;
				CLANG_WARN_DIRECT_OBJC_ISA_USAGE = YES_ERROR;
				CLANG_WARN_DOCUMENTATION_COMMENTS = YES;
				CLANG_WARN_EMPTY_BODY = YES;
				CLANG_WARN_ENUM_CONVERSION = YES;
				CLANG_WARN_INFINITE_RECURSION = YES;
				CLANG_WARN_INT_CONVERSION = YES;
				CLANG_WARN_NON_LITERAL_NULL_CONVERSION = YES;
				CLANG_WARN_OBJC_IMPLICIT_RETAIN_SELF = YES;
				CLANG_WARN_OBJC_LITERAL_CONVERSION = YES;
				CLANG_WARN_OBJC_ROOT_CLASS = YES_ERROR;
				CLANG_WARN_RANGE_LOOP_ANALYSIS = YES;
				CLANG_WARN_STRICT_PROTOTYPES = YES;
				CLANG_WARN_SUSPICIOUS_MOVE = YES;
				CLANG_WARN_UNGUARDED_AVAILABILITY = YES_AGGRESSIVE;
				CLANG_WARN_UNREACHABLE_CODE = YES;
				CLANG_WARN__DUPLICATE_METHOD_MATCH = YES;
				CODE_SIGN_IDENTITY = "iPhone Developer";
				COPY_PHASE_STRIP = NO;
				DEBUG_INFORMATION_FORMAT = dwarf;
				ENABLE_STRICT_OBJC_MSGSEND = YES;
				ENABLE_TESTABILITY = YES;
				GCC_C_LANGUAGE_STANDARD = gnu11;
				GCC_DYNAMIC_NO_PIC = NO;
				GCC_NO_COMMON_BLOCKS = YES;
				GCC_OPTIMIZATION_LEVEL = 0;
				GCC_PREPROCESSOR_DEFINITIONS = (
					"DEBUG=1",
					"$(inherited)",
				);
				GCC_WARN_64_TO_32_BIT_CONVERSION = YES;
				GCC_WARN_ABOUT_RETURN_TYPE = YES_ERROR;
				GCC_WARN_UNDECLARED_SELECTOR = YES;
				GCC_WARN_UNINITIALIZED_AUTOS = YES_AGGRESSIVE;
				GCC_WARN_UNUSED_FUNCTION = YES;
				GCC_WARN_UNUSED_VARIABLE = YES;
				IPHONEOS_DEPLOYMENT_TARGET = 11.4;
				MTL_ENABLE_DEBUG_INFO = YES;
				ONLY_ACTIVE_ARCH = YES;
				SDKROOT = iphoneos;
				SWIFT_ACTIVE_COMPILATION_CONDITIONS = DEBUG;
				SWIFT_OPTIMIZATION_LEVEL = "-Onone";
			};
			name = Debug;
		};
		336DF2C4213B003700D3605C /* Release */ = {
			isa = XCBuildConfiguration;
			buildSettings = {
				ALWAYS_SEARCH_USER_PATHS = NO;
				CLANG_ANALYZER_NONNULL = YES;
				CLANG_ANALYZER_NUMBER_OBJECT_CONVERSION = YES_AGGRESSIVE;
				CLANG_CXX_LANGUAGE_STANDARD = "gnu++14";
				CLANG_CXX_LIBRARY = "libc++";
				CLANG_ENABLE_MODULES = YES;
				CLANG_ENABLE_OBJC_ARC = YES;
				CLANG_ENABLE_OBJC_WEAK = YES;
				CLANG_WARN_BLOCK_CAPTURE_AUTORELEASING = YES;
				CLANG_WARN_BOOL_CONVERSION = YES;
				CLANG_WARN_COMMA = YES;
				CLANG_WARN_CONSTANT_CONVERSION = YES;
				CLANG_WARN_DEPRECATED_OBJC_IMPLEMENTATIONS = YES;
				CLANG_WARN_DIRECT_OBJC_ISA_USAGE = YES_ERROR;
				CLANG_WARN_DOCUMENTATION_COMMENTS = YES;
				CLANG_WARN_EMPTY_BODY = YES;
				CLANG_WARN_ENUM_CONVERSION = YES;
				CLANG_WARN_INFINITE_RECURSION = YES;
				CLANG_WARN_INT_CONVERSION = YES;
				CLANG_WARN_NON_LITERAL_NULL_CONVERSION = YES;
				CLANG_WARN_OBJC_IMPLICIT_RETAIN_SELF = YES;
				CLANG_WARN_OBJC_LITERAL_CONVERSION = YES;
				CLANG_WARN_OBJC_ROOT_CLASS = YES_ERROR;
				CLANG_WARN_RANGE_LOOP_ANALYSIS = YES;
				CLANG_WARN_STRICT_PROTOTYPES = YES;
				CLANG_WARN_SUSPICIOUS_MOVE = YES;
				CLANG_WARN_UNGUARDED_AVAILABILITY = YES_AGGRESSIVE;
				CLANG_WARN_UNREACHABLE_CODE = YES;
				CLANG_WARN__DUPLICATE_METHOD_MATCH = YES;
				CODE_SIGN_IDENTITY = "iPhone Developer";
				COPY_PHASE_STRIP = NO;
				DEBUG_INFORMATION_FORMAT = "dwarf-with-dsym";
				ENABLE_NS_ASSERTIONS = NO;
				ENABLE_STRICT_OBJC_MSGSEND = YES;
				GCC_C_LANGUAGE_STANDARD = gnu11;
				GCC_NO_COMMON_BLOCKS = YES;
				GCC_WARN_64_TO_32_BIT_CONVERSION = YES;
				GCC_WARN_ABOUT_RETURN_TYPE = YES_ERROR;
				GCC_WARN_UNDECLARED_SELECTOR = YES;
				GCC_WARN_UNINITIALIZED_AUTOS = YES_AGGRESSIVE;
				GCC_WARN_UNUSED_FUNCTION = YES;
				GCC_WARN_UNUSED_VARIABLE = YES;
				IPHONEOS_DEPLOYMENT_TARGET = 11.4;
				MTL_ENABLE_DEBUG_INFO = NO;
				SDKROOT = iphoneos;
				SWIFT_COMPILATION_MODE = wholemodule;
				SWIFT_OPTIMIZATION_LEVEL = "-O";
				VALIDATE_PRODUCT = YES;
			};
			name = Release;
		};
		336DF2C6213B003700D3605C /* Debug */ = {
			isa = XCBuildConfiguration;
			buildSettings = {
				ASSETCATALOG_COMPILER_APPICON_NAME = AppIcon;
				CODE_SIGN_STYLE = Automatic;
				DEVELOPMENT_TEAM = 6Y9RF4473B;
				INFOPLIST_FILE = Iotines/Info.plist;
				LD_RUNPATH_SEARCH_PATHS = (
					"$(inherited)",
					"@executable_path/Frameworks",
				);
				PRODUCT_BUNDLE_IDENTIFIER = unam.fca.edu.Iotines;
				PRODUCT_NAME = "$(TARGET_NAME)";
				SWIFT_VERSION = 4.0;
				TARGETED_DEVICE_FAMILY = "1,2";
			};
			name = Debug;
		};
		336DF2C7213B003700D3605C /* Release */ = {
			isa = XCBuildConfiguration;
			buildSettings = {
				ASSETCATALOG_COMPILER_APPICON_NAME = AppIcon;
				CODE_SIGN_STYLE = Automatic;
				DEVELOPMENT_TEAM = 6Y9RF4473B;
				INFOPLIST_FILE = Iotines/Info.plist;
				LD_RUNPATH_SEARCH_PATHS = (
					"$(inherited)",
					"@executable_path/Frameworks",
				);
				PRODUCT_BUNDLE_IDENTIFIER = unam.fca.edu.Iotines;
				PRODUCT_NAME = "$(TARGET_NAME)";
				SWIFT_VERSION = 4.0;
				TARGETED_DEVICE_FAMILY = "1,2";
			};
			name = Release;
		};
/* End XCBuildConfiguration section */

/* Begin XCConfigurationList section */
		336DF2AE213B003600D3605C /* Build configuration list for PBXProject "Iotines" */ = {
			isa = XCConfigurationList;
			buildConfigurations = (
				336DF2C3213B003700D3605C /* Debug */,
				336DF2C4213B003700D3605C /* Release */,
			);
			defaultConfigurationIsVisible = 0;
			defaultConfigurationName = Release;
		};
		336DF2C5213B003700D3605C /* Build configuration list for PBXNativeTarget "Iotines" */ = {
			isa = XCConfigurationList;
			buildConfigurations = (
				336DF2C6213B003700D3605C /* Debug */,
				336DF2C7213B003700D3605C /* Release */,
			);
			defaultConfigurationIsVisible = 0;
			defaultConfigurationName = Release;
		};
/* End XCConfigurationList section */
	};
	rootObject = 336DF2AB213B003600D3605C /* Project object */;
}
