// !$*UTF8*$!
{
	archiveVersion = 1;
	classes = {
	};
	objectVersion = 50;
	objects = {

/* Begin PBXBuildFile section */
		C417AE60214C6CD800BC4CE7 /* AppDelegate.swift in Sources */ = {isa = PBXBuildFile; fileRef = C417AE5F214C6CD800BC4CE7 /* AppDelegate.swift */; };
		C417AE62214C6CD800BC4CE7 /* MasterViewController.swift in Sources */ = {isa = PBXBuildFile; fileRef = C417AE61214C6CD800BC4CE7 /* MasterViewController.swift */; };
		C417AE64214C6CD800BC4CE7 /* DetailViewController.swift in Sources */ = {isa = PBXBuildFile; fileRef = C417AE63214C6CD800BC4CE7 /* DetailViewController.swift */; };
		C417AE69214C6CDA00BC4CE7 /* Assets.xcassets in Resources */ = {isa = PBXBuildFile; fileRef = C417AE68214C6CDA00BC4CE7 /* Assets.xcassets */; };
		C417AE6C214C6CDA00BC4CE7 /* LaunchScreen.storyboard in Resources */ = {isa = PBXBuildFile; fileRef = C417AE6A214C6CDA00BC4CE7 /* LaunchScreen.storyboard */; };
		C417AE77214C6CDA00BC4CE7 /* proyecto1_mvcTests.swift in Sources */ = {isa = PBXBuildFile; fileRef = C417AE76214C6CDA00BC4CE7 /* proyecto1_mvcTests.swift */; };
/* End PBXBuildFile section */

/* Begin PBXContainerItemProxy section */
		C417AE73214C6CDA00BC4CE7 /* PBXContainerItemProxy */ = {
			isa = PBXContainerItemProxy;
			containerPortal = C417AE54214C6CD800BC4CE7 /* Project object */;
			proxyType = 1;
			remoteGlobalIDString = C417AE5B214C6CD800BC4CE7;
			remoteInfo = "proyecto1-mvc";
		};
/* End PBXContainerItemProxy section */

/* Begin PBXFileReference section */
		C417AE5C214C6CD800BC4CE7 /* proyecto1-mvc.app */ = {isa = PBXFileReference; explicitFileType = wrapper.application; includeInIndex = 0; path = "proyecto1-mvc.app"; sourceTree = BUILT_PRODUCTS_DIR; };
		C417AE5F214C6CD800BC4CE7 /* AppDelegate.swift */ = {isa = PBXFileReference; lastKnownFileType = sourcecode.swift; path = AppDelegate.swift; sourceTree = "<group>"; };
		C417AE61214C6CD800BC4CE7 /* MasterViewController.swift */ = {isa = PBXFileReference; lastKnownFileType = sourcecode.swift; path = MasterViewController.swift; sourceTree = "<group>"; };
		C417AE63214C6CD800BC4CE7 /* DetailViewController.swift */ = {isa = PBXFileReference; lastKnownFileType = sourcecode.swift; path = DetailViewController.swift; sourceTree = "<group>"; };
		C417AE68214C6CDA00BC4CE7 /* Assets.xcassets */ = {isa = PBXFileReference; lastKnownFileType = folder.assetcatalog; path = Assets.xcassets; sourceTree = "<group>"; };
		C417AE6B214C6CDA00BC4CE7 /* Base */ = {isa = PBXFileReference; lastKnownFileType = file.storyboard; name = Base; path = Base.lproj/LaunchScreen.storyboard; sourceTree = "<group>"; };
		C417AE6D214C6CDA00BC4CE7 /* Info.plist */ = {isa = PBXFileReference; lastKnownFileType = text.plist.xml; path = Info.plist; sourceTree = "<group>"; };
		C417AE72214C6CDA00BC4CE7 /* proyecto1-mvcTests.xctest */ = {isa = PBXFileReference; explicitFileType = wrapper.cfbundle; includeInIndex = 0; path = "proyecto1-mvcTests.xctest"; sourceTree = BUILT_PRODUCTS_DIR; };
		C417AE76214C6CDA00BC4CE7 /* proyecto1_mvcTests.swift */ = {isa = PBXFileReference; lastKnownFileType = sourcecode.swift; path = proyecto1_mvcTests.swift; sourceTree = "<group>"; };
		C417AE78214C6CDA00BC4CE7 /* Info.plist */ = {isa = PBXFileReference; lastKnownFileType = text.plist.xml; path = Info.plist; sourceTree = "<group>"; };
/* End PBXFileReference section */

/* Begin PBXFrameworksBuildPhase section */
		C417AE59214C6CD800BC4CE7 /* Frameworks */ = {
			isa = PBXFrameworksBuildPhase;
			buildActionMask = 2147483647;
			files = (
			);
			runOnlyForDeploymentPostprocessing = 0;
		};
		C417AE6F214C6CDA00BC4CE7 /* Frameworks */ = {
			isa = PBXFrameworksBuildPhase;
			buildActionMask = 2147483647;
			files = (
			);
			runOnlyForDeploymentPostprocessing = 0;
		};
/* End PBXFrameworksBuildPhase section */

/* Begin PBXGroup section */
		C417AE53214C6CD800BC4CE7 = {
			isa = PBXGroup;
			children = (
				C417AE5E214C6CD800BC4CE7 /* proyecto1-mvc */,
				C417AE75214C6CDA00BC4CE7 /* proyecto1-mvcTests */,
				C417AE5D214C6CD800BC4CE7 /* Products */,
			);
			sourceTree = "<group>";
		};
		C417AE5D214C6CD800BC4CE7 /* Products */ = {
			isa = PBXGroup;
			children = (
				C417AE5C214C6CD800BC4CE7 /* proyecto1-mvc.app */,
				C417AE72214C6CDA00BC4CE7 /* proyecto1-mvcTests.xctest */,
			);
			name = Products;
			sourceTree = "<group>";
		};
		C417AE5E214C6CD800BC4CE7 /* proyecto1-mvc */ = {
			isa = PBXGroup;
			children = (
				C417AE83214C71E400BC4CE7 /* controller */,
				C417AE82214C71BF00BC4CE7 /* views */,
				C417AE81214C71B200BC4CE7 /* models */,
				C417AE5F214C6CD800BC4CE7 /* AppDelegate.swift */,
				C417AE68214C6CDA00BC4CE7 /* Assets.xcassets */,
				C417AE6A214C6CDA00BC4CE7 /* LaunchScreen.storyboard */,
				C417AE6D214C6CDA00BC4CE7 /* Info.plist */,
			);
			path = "proyecto1-mvc";
			sourceTree = "<group>";
		};
		C417AE75214C6CDA00BC4CE7 /* proyecto1-mvcTests */ = {
			isa = PBXGroup;
			children = (
				C417AE76214C6CDA00BC4CE7 /* proyecto1_mvcTests.swift */,
				C417AE78214C6CDA00BC4CE7 /* Info.plist */,
			);
			path = "proyecto1-mvcTests";
			sourceTree = "<group>";
		};
		C417AE81214C71B200BC4CE7 /* models */ = {
			isa = PBXGroup;
			children = (
			);
			path = models;
			sourceTree = "<group>";
		};
		C417AE82214C71BF00BC4CE7 /* views */ = {
			isa = PBXGroup;
			children = (
			);
			path = views;
			sourceTree = "<group>";
		};
		C417AE83214C71E400BC4CE7 /* controller */ = {
			isa = PBXGroup;
			children = (
				C417AE61214C6CD800BC4CE7 /* MasterViewController.swift */,
				C417AE63214C6CD800BC4CE7 /* DetailViewController.swift */,
			);
			path = controller;
			sourceTree = "<group>";
		};
/* End PBXGroup section */

/* Begin PBXNativeTarget section */
		C417AE5B214C6CD800BC4CE7 /* proyecto1-mvc */ = {
			isa = PBXNativeTarget;
			buildConfigurationList = C417AE7B214C6CDA00BC4CE7 /* Build configuration list for PBXNativeTarget "proyecto1-mvc" */;
			buildPhases = (
				C417AE58214C6CD800BC4CE7 /* Sources */,
				C417AE59214C6CD800BC4CE7 /* Frameworks */,
				C417AE5A214C6CD800BC4CE7 /* Resources */,
			);
			buildRules = (
			);
			dependencies = (
			);
			name = "proyecto1-mvc";
			productName = "proyecto1-mvc";
			productReference = C417AE5C214C6CD800BC4CE7 /* proyecto1-mvc.app */;
			productType = "com.apple.product-type.application";
		};
		C417AE71214C6CDA00BC4CE7 /* proyecto1-mvcTests */ = {
			isa = PBXNativeTarget;
			buildConfigurationList = C417AE7E214C6CDA00BC4CE7 /* Build configuration list for PBXNativeTarget "proyecto1-mvcTests" */;
			buildPhases = (
				C417AE6E214C6CDA00BC4CE7 /* Sources */,
				C417AE6F214C6CDA00BC4CE7 /* Frameworks */,
				C417AE70214C6CDA00BC4CE7 /* Resources */,
			);
			buildRules = (
			);
			dependencies = (
				C417AE74214C6CDA00BC4CE7 /* PBXTargetDependency */,
			);
			name = "proyecto1-mvcTests";
			productName = "proyecto1-mvcTests";
			productReference = C417AE72214C6CDA00BC4CE7 /* proyecto1-mvcTests.xctest */;
			productType = "com.apple.product-type.bundle.unit-test";
		};
/* End PBXNativeTarget section */

/* Begin PBXProject section */
		C417AE54214C6CD800BC4CE7 /* Project object */ = {
			isa = PBXProject;
			attributes = {
				LastSwiftUpdateCheck = 0940;
				LastUpgradeCheck = 0940;
				ORGANIZATIONNAME = "Barragán Edgar";
				TargetAttributes = {
					C417AE5B214C6CD800BC4CE7 = {
						CreatedOnToolsVersion = 9.4.1;
					};
					C417AE71214C6CDA00BC4CE7 = {
						CreatedOnToolsVersion = 9.4.1;
						TestTargetID = C417AE5B214C6CD800BC4CE7;
					};
				};
			};
			buildConfigurationList = C417AE57214C6CD800BC4CE7 /* Build configuration list for PBXProject "proyecto1-mvc" */;
			compatibilityVersion = "Xcode 9.3";
			developmentRegion = en;
			hasScannedForEncodings = 0;
			knownRegions = (
				en,
				Base,
			);
			mainGroup = C417AE53214C6CD800BC4CE7;
			productRefGroup = C417AE5D214C6CD800BC4CE7 /* Products */;
			projectDirPath = "";
			projectRoot = "";
			targets = (
				C417AE5B214C6CD800BC4CE7 /* proyecto1-mvc */,
				C417AE71214C6CDA00BC4CE7 /* proyecto1-mvcTests */,
			);
		};
/* End PBXProject section */

/* Begin PBXResourcesBuildPhase section */
		C417AE5A214C6CD800BC4CE7 /* Resources */ = {
			isa = PBXResourcesBuildPhase;
			buildActionMask = 2147483647;
			files = (
				C417AE6C214C6CDA00BC4CE7 /* LaunchScreen.storyboard in Resources */,
				C417AE69214C6CDA00BC4CE7 /* Assets.xcassets in Resources */,
			);
			runOnlyForDeploymentPostprocessing = 0;
		};
		C417AE70214C6CDA00BC4CE7 /* Resources */ = {
			isa = PBXResourcesBuildPhase;
			buildActionMask = 2147483647;
			files = (
			);
			runOnlyForDeploymentPostprocessing = 0;
		};
/* End PBXResourcesBuildPhase section */

/* Begin PBXSourcesBuildPhase section */
		C417AE58214C6CD800BC4CE7 /* Sources */ = {
			isa = PBXSourcesBuildPhase;
			buildActionMask = 2147483647;
			files = (
				C417AE64214C6CD800BC4CE7 /* DetailViewController.swift in Sources */,
				C417AE62214C6CD800BC4CE7 /* MasterViewController.swift in Sources */,
				C417AE60214C6CD800BC4CE7 /* AppDelegate.swift in Sources */,
			);
			runOnlyForDeploymentPostprocessing = 0;
		};
		C417AE6E214C6CDA00BC4CE7 /* Sources */ = {
			isa = PBXSourcesBuildPhase;
			buildActionMask = 2147483647;
			files = (
				C417AE77214C6CDA00BC4CE7 /* proyecto1_mvcTests.swift in Sources */,
			);
			runOnlyForDeploymentPostprocessing = 0;
		};
/* End PBXSourcesBuildPhase section */

/* Begin PBXTargetDependency section */
		C417AE74214C6CDA00BC4CE7 /* PBXTargetDependency */ = {
			isa = PBXTargetDependency;
			target = C417AE5B214C6CD800BC4CE7 /* proyecto1-mvc */;
			targetProxy = C417AE73214C6CDA00BC4CE7 /* PBXContainerItemProxy */;
		};
/* End PBXTargetDependency section */

/* Begin PBXVariantGroup section */
		C417AE6A214C6CDA00BC4CE7 /* LaunchScreen.storyboard */ = {
			isa = PBXVariantGroup;
			children = (
				C417AE6B214C6CDA00BC4CE7 /* Base */,
			);
			name = LaunchScreen.storyboard;
			sourceTree = "<group>";
		};
/* End PBXVariantGroup section */

/* Begin XCBuildConfiguration section */
		C417AE79214C6CDA00BC4CE7 /* Debug */ = {
			isa = XCBuildConfiguration;
			buildSettings = {
				ALWAYS_SEARCH_USER_PATHS = NO;
				CLANG_ANALYZER_NONNULL = YES;
				CLANG_ANALYZER_NUMBER_OBJECT_CONVERSION = YES_AGGRESSIVE;
				CLANG_CXX_LANGUAGE_STANDARD = "gnu++14";
				CLANG_CXX_LIBRARY = "libc++";
				CLANG_ENABLE_MODULES = YES;
				CLANG_ENABLE_OBJC_ARC = YES;
				CLANG_ENABLE_OBJC_WEAK = YES;
				CLANG_WARN_BLOCK_CAPTURE_AUTORELEASING = YES;
				CLANG_WARN_BOOL_CONVERSION = YES;
				CLANG_WARN_COMMA = YES;
				CLANG_WARN_CONSTANT_CONVERSION = YES;
				CLANG_WARN_DEPRECATED_OBJC_IMPLEMENTATIONS = YES;
				CLANG_WARN_DIRECT_OBJC_ISA_USAGE = YES_ERROR;
				CLANG_WARN_DOCUMENTATION_COMMENTS = YES;
				CLANG_WARN_EMPTY_BODY = YES;
				CLANG_WARN_ENUM_CONVERSION = YES;
				CLANG_WARN_INFINITE_RECURSION = YES;
				CLANG_WARN_INT_CONVERSION = YES;
				CLANG_WARN_NON_LITERAL_NULL_CONVERSION = YES;
				CLANG_WARN_OBJC_IMPLICIT_RETAIN_SELF = YES;
				CLANG_WARN_OBJC_LITERAL_CONVERSION = YES;
				CLANG_WARN_OBJC_ROOT_CLASS = YES_ERROR;
				CLANG_WARN_RANGE_LOOP_ANALYSIS = YES;
				CLANG_WARN_STRICT_PROTOTYPES = YES;
				CLANG_WARN_SUSPICIOUS_MOVE = YES;
				CLANG_WARN_UNGUARDED_AVAILABILITY = YES_AGGRESSIVE;
				CLANG_WARN_UNREACHABLE_CODE = YES;
				CLANG_WARN__DUPLICATE_METHOD_MATCH = YES;
				CODE_SIGN_IDENTITY = "iPhone Developer";
				COPY_PHASE_STRIP = NO;
				DEBUG_INFORMATION_FORMAT = dwarf;
				ENABLE_STRICT_OBJC_MSGSEND = YES;
				ENABLE_TESTABILITY = YES;
				GCC_C_LANGUAGE_STANDARD = gnu11;
				GCC_DYNAMIC_NO_PIC = NO;
				GCC_NO_COMMON_BLOCKS = YES;
				GCC_OPTIMIZATION_LEVEL = 0;
				GCC_PREPROCESSOR_DEFINITIONS = (
					"DEBUG=1",
					"$(inherited)",
				);
				GCC_WARN_64_TO_32_BIT_CONVERSION = YES;
				GCC_WARN_ABOUT_RETURN_TYPE = YES_ERROR;
				GCC_WARN_UNDECLARED_SELECTOR = YES;
				GCC_WARN_UNINITIALIZED_AUTOS = YES_AGGRESSIVE;
				GCC_WARN_UNUSED_FUNCTION = YES;
				GCC_WARN_UNUSED_VARIABLE = YES;
				IPHONEOS_DEPLOYMENT_TARGET = 11.4;
				MTL_ENABLE_DEBUG_INFO = YES;
				ONLY_ACTIVE_ARCH = YES;
				SDKROOT = iphoneos;
				SWIFT_ACTIVE_COMPILATION_CONDITIONS = DEBUG;
				SWIFT_OPTIMIZATION_LEVEL = "-Onone";
			};
			name = Debug;
		};
		C417AE7A214C6CDA00BC4CE7 /* Release */ = {
			isa = XCBuildConfiguration;
			buildSettings = {
				ALWAYS_SEARCH_USER_PATHS = NO;
				CLANG_ANALYZER_NONNULL = YES;
				CLANG_ANALYZER_NUMBER_OBJECT_CONVERSION = YES_AGGRESSIVE;
				CLANG_CXX_LANGUAGE_STANDARD = "gnu++14";
				CLANG_CXX_LIBRARY = "libc++";
				CLANG_ENABLE_MODULES = YES;
				CLANG_ENABLE_OBJC_ARC = YES;
				CLANG_ENABLE_OBJC_WEAK = YES;
				CLANG_WARN_BLOCK_CAPTURE_AUTORELEASING = YES;
				CLANG_WARN_BOOL_CONVERSION = YES;
				CLANG_WARN_COMMA = YES;
				CLANG_WARN_CONSTANT_CONVERSION = YES;
				CLANG_WARN_DEPRECATED_OBJC_IMPLEMENTATIONS = YES;
				CLANG_WARN_DIRECT_OBJC_ISA_USAGE = YES_ERROR;
				CLANG_WARN_DOCUMENTATION_COMMENTS = YES;
				CLANG_WARN_EMPTY_BODY = YES;
				CLANG_WARN_ENUM_CONVERSION = YES;
				CLANG_WARN_INFINITE_RECURSION = YES;
				CLANG_WARN_INT_CONVERSION = YES;
				CLANG_WARN_NON_LITERAL_NULL_CONVERSION = YES;
				CLANG_WARN_OBJC_IMPLICIT_RETAIN_SELF = YES;
				CLANG_WARN_OBJC_LITERAL_CONVERSION = YES;
				CLANG_WARN_OBJC_ROOT_CLASS = YES_ERROR;
				CLANG_WARN_RANGE_LOOP_ANALYSIS = YES;
				CLANG_WARN_STRICT_PROTOTYPES = YES;
				CLANG_WARN_SUSPICIOUS_MOVE = YES;
				CLANG_WARN_UNGUARDED_AVAILABILITY = YES_AGGRESSIVE;
				CLANG_WARN_UNREACHABLE_CODE = YES;
				CLANG_WARN__DUPLICATE_METHOD_MATCH = YES;
				CODE_SIGN_IDENTITY = "iPhone Developer";
				COPY_PHASE_STRIP = NO;
				DEBUG_INFORMATION_FORMAT = "dwarf-with-dsym";
				ENABLE_NS_ASSERTIONS = NO;
				ENABLE_STRICT_OBJC_MSGSEND = YES;
				GCC_C_LANGUAGE_STANDARD = gnu11;
				GCC_NO_COMMON_BLOCKS = YES;
				GCC_WARN_64_TO_32_BIT_CONVERSION = YES;
				GCC_WARN_ABOUT_RETURN_TYPE = YES_ERROR;
				GCC_WARN_UNDECLARED_SELECTOR = YES;
				GCC_WARN_UNINITIALIZED_AUTOS = YES_AGGRESSIVE;
				GCC_WARN_UNUSED_FUNCTION = YES;
				GCC_WARN_UNUSED_VARIABLE = YES;
				IPHONEOS_DEPLOYMENT_TARGET = 11.4;
				MTL_ENABLE_DEBUG_INFO = NO;
				SDKROOT = iphoneos;
				SWIFT_COMPILATION_MODE = wholemodule;
				SWIFT_OPTIMIZATION_LEVEL = "-O";
				VALIDATE_PRODUCT = YES;
			};
			name = Release;
		};
		C417AE7C214C6CDA00BC4CE7 /* Debug */ = {
			isa = XCBuildConfiguration;
			buildSettings = {
				ASSETCATALOG_COMPILER_APPICON_NAME = AppIcon;
				CODE_SIGN_STYLE = Automatic;
				INFOPLIST_FILE = "proyecto1-mvc/Info.plist";
				LD_RUNPATH_SEARCH_PATHS = (
					"$(inherited)",
					"@executable_path/Frameworks",
				);
				PRODUCT_BUNDLE_IDENTIFIER = "Example.proyecto1-mvc";
				PRODUCT_NAME = "$(TARGET_NAME)";
				SWIFT_VERSION = 4.0;
				TARGETED_DEVICE_FAMILY = "1,2";
			};
			name = Debug;
		};
		C417AE7D214C6CDA00BC4CE7 /* Release */ = {
			isa = XCBuildConfiguration;
			buildSettings = {
				ASSETCATALOG_COMPILER_APPICON_NAME = AppIcon;
				CODE_SIGN_STYLE = Automatic;
				INFOPLIST_FILE = "proyecto1-mvc/Info.plist";
				LD_RUNPATH_SEARCH_PATHS = (
					"$(inherited)",
					"@executable_path/Frameworks",
				);
				PRODUCT_BUNDLE_IDENTIFIER = "Example.proyecto1-mvc";
				PRODUCT_NAME = "$(TARGET_NAME)";
				SWIFT_VERSION = 4.0;
				TARGETED_DEVICE_FAMILY = "1,2";
			};
			name = Release;
		};
		C417AE7F214C6CDA00BC4CE7 /* Debug */ = {
			isa = XCBuildConfiguration;
			buildSettings = {
				ALWAYS_EMBED_SWIFT_STANDARD_LIBRARIES = YES;
				BUNDLE_LOADER = "$(TEST_HOST)";
				CODE_SIGN_STYLE = Automatic;
				INFOPLIST_FILE = "proyecto1-mvcTests/Info.plist";
				LD_RUNPATH_SEARCH_PATHS = (
					"$(inherited)",
					"@executable_path/Frameworks",
					"@loader_path/Frameworks",
				);
				PRODUCT_BUNDLE_IDENTIFIER = "Example.proyecto1-mvcTests";
				PRODUCT_NAME = "$(TARGET_NAME)";
				SWIFT_VERSION = 4.0;
				TARGETED_DEVICE_FAMILY = "1,2";
				TEST_HOST = "$(BUILT_PRODUCTS_DIR)/proyecto1-mvc.app/proyecto1-mvc";
			};
			name = Debug;
		};
		C417AE80214C6CDA00BC4CE7 /* Release */ = {
			isa = XCBuildConfiguration;
			buildSettings = {
				ALWAYS_EMBED_SWIFT_STANDARD_LIBRARIES = YES;
				BUNDLE_LOADER = "$(TEST_HOST)";
				CODE_SIGN_STYLE = Automatic;
				INFOPLIST_FILE = "proyecto1-mvcTests/Info.plist";
				LD_RUNPATH_SEARCH_PATHS = (
					"$(inherited)",
					"@executable_path/Frameworks",
					"@loader_path/Frameworks",
				);
				PRODUCT_BUNDLE_IDENTIFIER = "Example.proyecto1-mvcTests";
				PRODUCT_NAME = "$(TARGET_NAME)";
				SWIFT_VERSION = 4.0;
				TARGETED_DEVICE_FAMILY = "1,2";
				TEST_HOST = "$(BUILT_PRODUCTS_DIR)/proyecto1-mvc.app/proyecto1-mvc";
			};
			name = Release;
		};
/* End XCBuildConfiguration section */

/* Begin XCConfigurationList section */
		C417AE57214C6CD800BC4CE7 /* Build configuration list for PBXProject "proyecto1-mvc" */ = {
			isa = XCConfigurationList;
			buildConfigurations = (
				C417AE79214C6CDA00BC4CE7 /* Debug */,
				C417AE7A214C6CDA00BC4CE7 /* Release */,
			);
			defaultConfigurationIsVisible = 0;
			defaultConfigurationName = Release;
		};
		C417AE7B214C6CDA00BC4CE7 /* Build configuration list for PBXNativeTarget "proyecto1-mvc" */ = {
			isa = XCConfigurationList;
			buildConfigurations = (
				C417AE7C214C6CDA00BC4CE7 /* Debug */,
				C417AE7D214C6CDA00BC4CE7 /* Release */,
			);
			defaultConfigurationIsVisible = 0;
			defaultConfigurationName = Release;
		};
		C417AE7E214C6CDA00BC4CE7 /* Build configuration list for PBXNativeTarget "proyecto1-mvcTests" */ = {
			isa = XCConfigurationList;
			buildConfigurations = (
				C417AE7F214C6CDA00BC4CE7 /* Debug */,
				C417AE80214C6CDA00BC4CE7 /* Release */,
			);
			defaultConfigurationIsVisible = 0;
			defaultConfigurationName = Release;
		};
/* End XCConfigurationList section */
	};
	rootObject = C417AE54214C6CD800BC4CE7 /* Project object */;
}
